
Microsoft Visual Studio Solution File, Format Version 12.00
# Visual Studio Version 17
VisualStudioVersion = 17.9.34622.214
MinimumVisualStudioVersion = 10.0.40219.1
Project("{FAE04EC0-301F-11D3-BF4B-00C04F79EFBC}") = "Library Management System", "Library Management System\Library Management System.csproj", "{C55B81A9-206E-48BE-8405-9F51A99AD827}"
EndProject
Global
	GlobalSection(SolutionConfigurationPlatforms) = preSolution
		Debug|Any CPU = Debug|Any CPU
		Release|Any CPU = Release|Any CPU
	EndGlobalSection
	GlobalSection(ProjectConfigurationPlatforms) = postSolution
		{C55B81A9-206E-48BE-8405-9F51A99AD827}.Debug|Any CPU.ActiveCfg = Debug|Any CPU
		{C55B81A9-206E-48BE-8405-9F51A99AD827}.Debug|Any CPU.Build.0 = Debug|Any CPU
		{C55B81A9-206E-48BE-8405-9F51A99AD827}.Release|Any CPU.ActiveCfg = Release|Any CPU
		{C55B81A9-206E-48BE-8405-9F51A99AD827}.Release|Any CPU.Build.0 = Release|Any CPU
	EndGlobalSection
	GlobalSection(SolutionProperties) = preSolution
		HideSolutionNode = FALSE
	EndGlobalSection
	GlobalSection(ExtensibilityGlobals) = postSolution
		SolutionGuid = {E60E61B8-3B79-43A5-ADFE-35F4ABF1E993}
	EndGlobalSection
EndGlobal
